
Microsoft Visual Studio Solution File, Format Version 12.00
Project("{FAE04EC0-301F-11D3-BF4B-00C04F79EFBC}") = "CSharpWPF_TcpChat.Client", "CSharpWPF_TcpChat.Client\CSharpWPF_TcpChat.Client.csproj", "{4620A97A-26D1-4A30-BA40-A789671C64D4}"
EndProject
Project("{FAE04EC0-301F-11D3-BF4B-00C04F79EFBC}") = "CSharpConsole_TcpChat.Server", "CSharpConsole_TcpChat.Server\CSharpConsole_TcpChat.Server.csproj", "{F08EBE56-2D60-4ABE-908F-33A127A6891B}"
EndProject
Project("{FAE04EC0-301F-11D3-BF4B-00C04F79EFBC}") = "EfCore_Models", "EfCore_Models\EfCore_Models.csproj", "{8E630ECF-BEF1-4276-A743-DD7A2E3E33AA}"
EndProject
Project("{FAE04EC0-301F-11D3-BF4B-00C04F79EFBC}") = "SharedUtilities", "SharedUtilities\SharedUtilities.csproj", "{2A0B33FF-0212-4634-AA49-83EE40F85211}"
EndProject
Global
	GlobalSection(SolutionConfigurationPlatforms) = preSolution
		Debug|Any CPU = Debug|Any CPU
		Release|Any CPU = Release|Any CPU
	EndGlobalSection
	GlobalSection(ProjectConfigurationPlatforms) = postSolution
		{4620A97A-26D1-4A30-BA40-A789671C64D4}.Debug|Any CPU.ActiveCfg = Debug|Any CPU
		{4620A97A-26D1-4A30-BA40-A789671C64D4}.Debug|Any CPU.Build.0 = Debug|Any CPU
		{4620A97A-26D1-4A30-BA40-A789671C64D4}.Release|Any CPU.ActiveCfg = Release|Any CPU
		{4620A97A-26D1-4A30-BA40-A789671C64D4}.Release|Any CPU.Build.0 = Release|Any CPU
		{F08EBE56-2D60-4ABE-908F-33A127A6891B}.Debug|Any CPU.ActiveCfg = Debug|Any CPU
		{F08EBE56-2D60-4ABE-908F-33A127A6891B}.Debug|Any CPU.Build.0 = Debug|Any CPU
		{F08EBE56-2D60-4ABE-908F-33A127A6891B}.Release|Any CPU.ActiveCfg = Release|Any CPU
		{F08EBE56-2D60-4ABE-908F-33A127A6891B}.Release|Any CPU.Build.0 = Release|Any CPU
		{8E630ECF-BEF1-4276-A743-DD7A2E3E33AA}.Debug|Any CPU.ActiveCfg = Debug|Any CPU
		{8E630ECF-BEF1-4276-A743-DD7A2E3E33AA}.Debug|Any CPU.Build.0 = Debug|Any CPU
		{8E630ECF-BEF1-4276-A743-DD7A2E3E33AA}.Release|Any CPU.ActiveCfg = Release|Any CPU
		{8E630ECF-BEF1-4276-A743-DD7A2E3E33AA}.Release|Any CPU.Build.0 = Release|Any CPU
		{2A0B33FF-0212-4634-AA49-83EE40F85211}.Debug|Any CPU.ActiveCfg = Debug|Any CPU
		{2A0B33FF-0212-4634-AA49-83EE40F85211}.Debug|Any CPU.Build.0 = Debug|Any CPU
		{2A0B33FF-0212-4634-AA49-83EE40F85211}.Release|Any CPU.ActiveCfg = Release|Any CPU
		{2A0B33FF-0212-4634-AA49-83EE40F85211}.Release|Any CPU.Build.0 = Release|Any CPU
	EndGlobalSection
EndGlobal
